// !$*UTF8*$!
{
	archiveVersion = 1;
	classes = {
	};
	objectVersion = 48;
	objects = {

/* Begin PBXBuildFile section */
		330F08D61FB6590700B20801 /* AppDelegate.swift in Sources */ = {isa = PBXBuildFile; fileRef = 330F08D51FB6590700B20801 /* AppDelegate.swift */; };
		330F08D81FB6590700B20801 /* FirstViewController.swift in Sources */ = {isa = PBXBuildFile; fileRef = 330F08D71FB6590700B20801 /* FirstViewController.swift */; };
		330F08DA1FB6590700B20801 /* SecondViewController.swift in Sources */ = {isa = PBXBuildFile; fileRef = 330F08D91FB6590700B20801 /* SecondViewController.swift */; };
		330F08DD1FB6590700B20801 /* Main.storyboard in Resources */ = {isa = PBXBuildFile; fileRef = 330F08DB1FB6590700B20801 /* Main.storyboard */; };
		330F08DF1FB6590700B20801 /* Assets.xcassets in Resources */ = {isa = PBXBuildFile; fileRef = 330F08DE1FB6590700B20801 /* Assets.xcassets */; };
		330F08E21FB6590700B20801 /* LaunchScreen.storyboard in Resources */ = {isa = PBXBuildFile; fileRef = 330F08E01FB6590700B20801 /* LaunchScreen.storyboard */; };
		330F08ED1FB6590700B20801 /* ToDoListAppTests.swift in Sources */ = {isa = PBXBuildFile; fileRef = 330F08EC1FB6590700B20801 /* ToDoListAppTests.swift */; };
		330F08F81FB6590700B20801 /* ToDoListAppUITests.swift in Sources */ = {isa = PBXBuildFile; fileRef = 330F08F71FB6590700B20801 /* ToDoListAppUITests.swift */; };
		33B73A5B1FB6823600C8D48D /* FirstViewControllerTableViewCell.swift in Sources */ = {isa = PBXBuildFile; fileRef = 33B73A5A1FB6823600C8D48D /* FirstViewControllerTableViewCell.swift */; };
/* End PBXBuildFile section */

/* Begin PBXContainerItemProxy section */
		330F08E91FB6590700B20801 /* PBXContainerItemProxy */ = {
			isa = PBXContainerItemProxy;
			containerPortal = 330F08CA1FB6590700B20801 /* Project object */;
			proxyType = 1;
			remoteGlobalIDString = 330F08D11FB6590700B20801;
			remoteInfo = ToDoListApp;
		};
		330F08F41FB6590700B20801 /* PBXContainerItemProxy */ = {
			isa = PBXContainerItemProxy;
			containerPortal = 330F08CA1FB6590700B20801 /* Project object */;
			proxyType = 1;
			remoteGlobalIDString = 330F08D11FB6590700B20801;
			remoteInfo = ToDoListApp;
		};
/* End PBXContainerItemProxy section */

/* Begin PBXFileReference section */
		330F08D21FB6590700B20801 /* ToDoListApp.app */ = {isa = PBXFileReference; explicitFileType = wrapper.application; includeInIndex = 0; path = ToDoListApp.app; sourceTree = BUILT_PRODUCTS_DIR; };
		330F08D51FB6590700B20801 /* AppDelegate.swift */ = {isa = PBXFileReference; lastKnownFileType = sourcecode.swift; path = AppDelegate.swift; sourceTree = "<group>"; };
		330F08D71FB6590700B20801 /* FirstViewController.swift */ = {isa = PBXFileReference; lastKnownFileType = sourcecode.swift; path = FirstViewController.swift; sourceTree = "<group>"; };
		330F08D91FB6590700B20801 /* SecondViewController.swift */ = {isa = PBXFileReference; lastKnownFileType = sourcecode.swift; path = SecondViewController.swift; sourceTree = "<group>"; };
		330F08DC1FB6590700B20801 /* Base */ = {isa = PBXFileReference; lastKnownFileType = file.storyboard; name = Base; path = Base.lproj/Main.storyboard; sourceTree = "<group>"; };
		330F08DE1FB6590700B20801 /* Assets.xcassets */ = {isa = PBXFileReference; lastKnownFileType = folder.assetcatalog; path = Assets.xcassets; sourceTree = "<group>"; };
		330F08E11FB6590700B20801 /* Base */ = {isa = PBXFileReference; lastKnownFileType = file.storyboard; name = Base; path = Base.lproj/LaunchScreen.storyboard; sourceTree = "<group>"; };
		330F08E31FB6590700B20801 /* Info.plist */ = {isa = PBXFileReference; lastKnownFileType = text.plist.xml; path = Info.plist; sourceTree = "<group>"; };
		330F08E81FB6590700B20801 /* ToDoListAppTests.xctest */ = {isa = PBXFileReference; explicitFileType = wrapper.cfbundle; includeInIndex = 0; path = ToDoListAppTests.xctest; sourceTree = BUILT_PRODUCTS_DIR; };
		330F08EC1FB6590700B20801 /* ToDoListAppTests.swift */ = {isa = PBXFileReference; lastKnownFileType = sourcecode.swift; path = ToDoListAppTests.swift; sourceTree = "<group>"; };
		330F08EE1FB6590700B20801 /* Info.plist */ = {isa = PBXFileReference; lastKnownFileType = text.plist.xml; path = Info.plist; sourceTree = "<group>"; };
		330F08F31FB6590700B20801 /* ToDoListAppUITests.xctest */ = {isa = PBXFileReference; explicitFileType = wrapper.cfbundle; includeInIndex = 0; path = ToDoListAppUITests.xctest; sourceTree = BUILT_PRODUCTS_DIR; };
		330F08F71FB6590700B20801 /* ToDoListAppUITests.swift */ = {isa = PBXFileReference; lastKnownFileType = sourcecode.swift; path = ToDoListAppUITests.swift; sourceTree = "<group>"; };
		330F08F91FB6590700B20801 /* Info.plist */ = {isa = PBXFileReference; lastKnownFileType = text.plist.xml; path = Info.plist; sourceTree = "<group>"; };
		33B73A5A1FB6823600C8D48D /* FirstViewControllerTableViewCell.swift */ = {isa = PBXFileReference; lastKnownFileType = sourcecode.swift; path = FirstViewControllerTableViewCell.swift; sourceTree = "<group>"; };
/* End PBXFileReference section */

/* Begin PBXFrameworksBuildPhase section */
		330F08CF1FB6590700B20801 /* Frameworks */ = {
			isa = PBXFrameworksBuildPhase;
			buildActionMask = 2147483647;
			files = (
			);
			runOnlyForDeploymentPostprocessing = 0;
		};
		330F08E51FB6590700B20801 /* Frameworks */ = {
			isa = PBXFrameworksBuildPhase;
			buildActionMask = 2147483647;
			files = (
			);
			runOnlyForDeploymentPostprocessing = 0;
		};
		330F08F01FB6590700B20801 /* Frameworks */ = {
			isa = PBXFrameworksBuildPhase;
			buildActionMask = 2147483647;
			files = (
			);
			runOnlyForDeploymentPostprocessing = 0;
		};
/* End PBXFrameworksBuildPhase section */

/* Begin PBXGroup section */
		330F08C91FB6590700B20801 = {
			isa = PBXGroup;
			children = (
				330F08D41FB6590700B20801 /* ToDoListApp */,
				330F08EB1FB6590700B20801 /* ToDoListAppTests */,
				330F08F61FB6590700B20801 /* ToDoListAppUITests */,
				330F08D31FB6590700B20801 /* Products */,
			);
			sourceTree = "<group>";
		};
		330F08D31FB6590700B20801 /* Products */ = {
			isa = PBXGroup;
			children = (
				330F08D21FB6590700B20801 /* ToDoListApp.app */,
				330F08E81FB6590700B20801 /* ToDoListAppTests.xctest */,
				330F08F31FB6590700B20801 /* ToDoListAppUITests.xctest */,
			);
			name = Products;
			sourceTree = "<group>";
		};
		330F08D41FB6590700B20801 /* ToDoListApp */ = {
			isa = PBXGroup;
			children = (
				330F08D51FB6590700B20801 /* AppDelegate.swift */,
				330F08D71FB6590700B20801 /* FirstViewController.swift */,
				330F08D91FB6590700B20801 /* SecondViewController.swift */,
				330F08DB1FB6590700B20801 /* Main.storyboard */,
				330F08DE1FB6590700B20801 /* Assets.xcassets */,
				330F08E01FB6590700B20801 /* LaunchScreen.storyboard */,
				330F08E31FB6590700B20801 /* Info.plist */,
				33B73A5A1FB6823600C8D48D /* FirstViewControllerTableViewCell.swift */,
			);
			path = ToDoListApp;
			sourceTree = "<group>";
		};
		330F08EB1FB6590700B20801 /* ToDoListAppTests */ = {
			isa = PBXGroup;
			children = (
				330F08EC1FB6590700B20801 /* ToDoListAppTests.swift */,
				330F08EE1FB6590700B20801 /* Info.plist */,
			);
			path = ToDoListAppTests;
			sourceTree = "<group>";
		};
		330F08F61FB6590700B20801 /* ToDoListAppUITests */ = {
			isa = PBXGroup;
			children = (
				330F08F71FB6590700B20801 /* ToDoListAppUITests.swift */,
				330F08F91FB6590700B20801 /* Info.plist */,
			);
			path = ToDoListAppUITests;
			sourceTree = "<group>";
		};
/* End PBXGroup section */

/* Begin PBXNativeTarget section */
		330F08D11FB6590700B20801 /* ToDoListApp */ = {
			isa = PBXNativeTarget;
			buildConfigurationList = 330F08FC1FB6590700B20801 /* Build configuration list for PBXNativeTarget "ToDoListApp" */;
			buildPhases = (
				330F08CE1FB6590700B20801 /* Sources */,
				330F08CF1FB6590700B20801 /* Frameworks */,
				330F08D01FB6590700B20801 /* Resources */,
			);
			buildRules = (
			);
			dependencies = (
			);
			name = ToDoListApp;
			productName = ToDoListApp;
			productReference = 330F08D21FB6590700B20801 /* ToDoListApp.app */;
			productType = "com.apple.product-type.application";
		};
		330F08E71FB6590700B20801 /* ToDoListAppTests */ = {
			isa = PBXNativeTarget;
			buildConfigurationList = 330F08FF1FB6590700B20801 /* Build configuration list for PBXNativeTarget "ToDoListAppTests" */;
			buildPhases = (
				330F08E41FB6590700B20801 /* Sources */,
				330F08E51FB6590700B20801 /* Frameworks */,
				330F08E61FB6590700B20801 /* Resources */,
			);
			buildRules = (
			);
			dependencies = (
				330F08EA1FB6590700B20801 /* PBXTargetDependency */,
			);
			name = ToDoListAppTests;
			productName = ToDoListAppTests;
			productReference = 330F08E81FB6590700B20801 /* ToDoListAppTests.xctest */;
			productType = "com.apple.product-type.bundle.unit-test";
		};
		330F08F21FB6590700B20801 /* ToDoListAppUITests */ = {
			isa = PBXNativeTarget;
			buildConfigurationList = 330F09021FB6590700B20801 /* Build configuration list for PBXNativeTarget "ToDoListAppUITests" */;
			buildPhases = (
				330F08EF1FB6590700B20801 /* Sources */,
				330F08F01FB6590700B20801 /* Frameworks */,
				330F08F11FB6590700B20801 /* Resources */,
			);
			buildRules = (
			);
			dependencies = (
				330F08F51FB6590700B20801 /* PBXTargetDependency */,
			);
			name = ToDoListAppUITests;
			productName = ToDoListAppUITests;
			productReference = 330F08F31FB6590700B20801 /* ToDoListAppUITests.xctest */;
			productType = "com.apple.product-type.bundle.ui-testing";
		};
/* End PBXNativeTarget section */

/* Begin PBXProject section */
		330F08CA1FB6590700B20801 /* Project object */ = {
			isa = PBXProject;
			attributes = {
				LastSwiftUpdateCheck = 0900;
				LastUpgradeCheck = 0900;
				ORGANIZATIONNAME = "Kioja Kudumu";
				TargetAttributes = {
					330F08D11FB6590700B20801 = {
						CreatedOnToolsVersion = 9.0.1;
						ProvisioningStyle = Automatic;
					};
					330F08E71FB6590700B20801 = {
						CreatedOnToolsVersion = 9.0.1;
						ProvisioningStyle = Automatic;
						TestTargetID = 330F08D11FB6590700B20801;
					};
					330F08F21FB6590700B20801 = {
						CreatedOnToolsVersion = 9.0.1;
						ProvisioningStyle = Automatic;
						TestTargetID = 330F08D11FB6590700B20801;
					};
				};
			};
			buildConfigurationList = 330F08CD1FB6590700B20801 /* Build configuration list for PBXProject "ToDoListApp" */;
			compatibilityVersion = "Xcode 8.0";
			developmentRegion = en;
			hasScannedForEncodings = 0;
			knownRegions = (
				en,
				Base,
			);
			mainGroup = 330F08C91FB6590700B20801;
			productRefGroup = 330F08D31FB6590700B20801 /* Products */;
			projectDirPath = "";
			projectRoot = "";
			targets = (
				330F08D11FB6590700B20801 /* ToDoListApp */,
				330F08E71FB6590700B20801 /* ToDoListAppTests */,
				330F08F21FB6590700B20801 /* ToDoListAppUITests */,
			);
		};
/* End PBXProject section */

/* Begin PBXResourcesBuildPhase section */
		330F08D01FB6590700B20801 /* Resources */ = {
			isa = PBXResourcesBuildPhase;
			buildActionMask = 2147483647;
			files = (
				330F08E21FB6590700B20801 /* LaunchScreen.storyboard in Resources */,
				330F08DF1FB6590700B20801 /* Assets.xcassets in Resources */,
				330F08DD1FB6590700B20801 /* Main.storyboard in Resources */,
			);
			runOnlyForDeploymentPostprocessing = 0;
		};
		330F08E61FB6590700B20801 /* Resources */ = {
			isa = PBXResourcesBuildPhase;
			buildActionMask = 2147483647;
			files = (
			);
			runOnlyForDeploymentPostprocessing = 0;
		};
		330F08F11FB6590700B20801 /* Resources */ = {
			isa = PBXResourcesBuildPhase;
			buildActionMask = 2147483647;
			files = (
			);
			runOnlyForDeploymentPostprocessing = 0;
		};
/* End PBXResourcesBuildPhase section */

/* Begin PBXSourcesBuildPhase section */
		330F08CE1FB6590700B20801 /* Sources */ = {
			isa = PBXSourcesBuildPhase;
			buildActionMask = 2147483647;
			files = (
				330F08DA1FB6590700B20801 /* SecondViewController.swift in Sources */,
				330F08D61FB6590700B20801 /* AppDelegate.swift in Sources */,
				330F08D81FB6590700B20801 /* FirstViewController.swift in Sources */,
				33B73A5B1FB6823600C8D48D /* FirstViewControllerTableViewCell.swift in Sources */,
			);
			runOnlyForDeploymentPostprocessing = 0;
		};
		330F08E41FB6590700B20801 /* Sources */ = {
			isa = PBXSourcesBuildPhase;
			buildActionMask = 2147483647;
			files = (
				330F08ED1FB6590700B20801 /* ToDoListAppTests.swift in Sources */,
			);
			runOnlyForDeploymentPostprocessing = 0;
		};
		330F08EF1FB6590700B20801 /* Sources */ = {
			isa = PBXSourcesBuildPhase;
			buildActionMask = 2147483647;
			files = (
				330F08F81FB6590700B20801 /* ToDoListAppUITests.swift in Sources */,
			);
			runOnlyForDeploymentPostprocessing = 0;
		};
/* End PBXSourcesBuildPhase section */

/* Begin PBXTargetDependency section */
		330F08EA1FB6590700B20801 /* PBXTargetDependency */ = {
			isa = PBXTargetDependency;
			target = 330F08D11FB6590700B20801 /* ToDoListApp */;
			targetProxy = 330F08E91FB6590700B20801 /* PBXContainerItemProxy */;
		};
		330F08F51FB6590700B20801 /* PBXTargetDependency */ = {
			isa = PBXTargetDependency;
			target = 330F08D11FB6590700B20801 /* ToDoListApp */;
			targetProxy = 330F08F41FB6590700B20801 /* PBXContainerItemProxy */;
		};
/* End PBXTargetDependency section */

/* Begin PBXVariantGroup section */
		330F08DB1FB6590700B20801 /* Main.storyboard */ = {
			isa = PBXVariantGroup;
			children = (
				330F08DC1FB6590700B20801 /* Base */,
			);
			name = Main.storyboard;
			sourceTree = "<group>";
		};
		330F08E01FB6590700B20801 /* LaunchScreen.storyboard */ = {
			isa = PBXVariantGroup;
			children = (
				330F08E11FB6590700B20801 /* Base */,
			);
			name = LaunchScreen.storyboard;
			sourceTree = "<group>";
		};
/* End PBXVariantGroup section */

/* Begin XCBuildConfiguration section */
		330F08FA1FB6590700B20801 /* Debug */ = {
			isa = XCBuildConfiguration;
			buildSettings = {
				ALWAYS_SEARCH_USER_PATHS = NO;
				CLANG_ANALYZER_NONNULL = YES;
				CLANG_ANALYZER_NUMBER_OBJECT_CONVERSION = YES_AGGRESSIVE;
				CLANG_CXX_LANGUAGE_STANDARD = "gnu++14";
				CLANG_CXX_LIBRARY = "libc++";
				CLANG_ENABLE_MODULES = YES;
				CLANG_ENABLE_OBJC_ARC = YES;
				CLANG_WARN_BLOCK_CAPTURE_AUTORELEASING = YES;
				CLANG_WARN_BOOL_CONVERSION = YES;
				CLANG_WARN_COMMA = YES;
				CLANG_WARN_CONSTANT_CONVERSION = YES;
				CLANG_WARN_DIRECT_OBJC_ISA_USAGE = YES_ERROR;
				CLANG_WARN_DOCUMENTATION_COMMENTS = YES;
				CLANG_WARN_EMPTY_BODY = YES;
				CLANG_WARN_ENUM_CONVERSION = YES;
				CLANG_WARN_INFINITE_RECURSION = YES;
				CLANG_WARN_INT_CONVERSION = YES;
				CLANG_WARN_NON_LITERAL_NULL_CONVERSION = YES;
				CLANG_WARN_OBJC_LITERAL_CONVERSION = YES;
				CLANG_WARN_OBJC_ROOT_CLASS = YES_ERROR;
				CLANG_WARN_RANGE_LOOP_ANALYSIS = YES;
				CLANG_WARN_STRICT_PROTOTYPES = YES;
				CLANG_WARN_SUSPICIOUS_MOVE = YES;
				CLANG_WARN_UNGUARDED_AVAILABILITY = YES_AGGRESSIVE;
				CLANG_WARN_UNREACHABLE_CODE = YES;
				CLANG_WARN__DUPLICATE_METHOD_MATCH = YES;
				CODE_SIGN_IDENTITY = "iPhone Developer";
				COPY_PHASE_STRIP = NO;
				DEBUG_INFORMATION_FORMAT = dwarf;
				ENABLE_STRICT_OBJC_MSGSEND = YES;
				ENABLE_TESTABILITY = YES;
				GCC_C_LANGUAGE_STANDARD = gnu11;
				GCC_DYNAMIC_NO_PIC = NO;
				GCC_NO_COMMON_BLOCKS = YES;
				GCC_OPTIMIZATION_LEVEL = 0;
				GCC_PREPROCESSOR_DEFINITIONS = (
					"DEBUG=1",
					"$(inherited)",
				);
				GCC_WARN_64_TO_32_BIT_CONVERSION = YES;
				GCC_WARN_ABOUT_RETURN_TYPE = YES_ERROR;
				GCC_WARN_UNDECLARED_SELECTOR = YES;
				GCC_WARN_UNINITIALIZED_AUTOS = YES_AGGRESSIVE;
				GCC_WARN_UNUSED_FUNCTION = YES;
				GCC_WARN_UNUSED_VARIABLE = YES;
				IPHONEOS_DEPLOYMENT_TARGET = 11.0;
				MTL_ENABLE_DEBUG_INFO = YES;
				ONLY_ACTIVE_ARCH = YES;
				SDKROOT = iphoneos;
				SWIFT_ACTIVE_COMPILATION_CONDITIONS = DEBUG;
				SWIFT_OPTIMIZATION_LEVEL = "-Onone";
			};
			name = Debug;
		};
		330F08FB1FB6590700B20801 /* Release */ = {
			isa = XCBuildConfiguration;
			buildSettings = {
				ALWAYS_SEARCH_USER_PATHS = NO;
				CLANG_ANALYZER_NONNULL = YES;
				CLANG_ANALYZER_NUMBER_OBJECT_CONVERSION = YES_AGGRESSIVE;
				CLANG_CXX_LANGUAGE_STANDARD = "gnu++14";
				CLANG_CXX_LIBRARY = "libc++";
				CLANG_ENABLE_MODULES = YES;
				CLANG_ENABLE_OBJC_ARC = YES;
				CLANG_WARN_BLOCK_CAPTURE_AUTORELEASING = YES;
				CLANG_WARN_BOOL_CONVERSION = YES;
				CLANG_WARN_COMMA = YES;
				CLANG_WARN_CONSTANT_CONVERSION = YES;
				CLANG_WARN_DIRECT_OBJC_ISA_USAGE = YES_ERROR;
				CLANG_WARN_DOCUMENTATION_COMMENTS = YES;
				CLANG_WARN_EMPTY_BODY = YES;
				CLANG_WARN_ENUM_CONVERSION = YES;
				CLANG_WARN_INFINITE_RECURSION = YES;
				CLANG_WARN_INT_CONVERSION = YES;
				CLANG_WARN_NON_LITERAL_NULL_CONVERSION = YES;
				CLANG_WARN_OBJC_LITERAL_CONVERSION = YES;
				CLANG_WARN_OBJC_ROOT_CLASS = YES_ERROR;
				CLANG_WARN_RANGE_LOOP_ANALYSIS = YES;
				CLANG_WARN_STRICT_PROTOTYPES = YES;
				CLANG_WARN_SUSPICIOUS_MOVE = YES;
				CLANG_WARN_UNGUARDED_AVAILABILITY = YES_AGGRESSIVE;
				CLANG_WARN_UNREACHABLE_CODE = YES;
				CLANG_WARN__DUPLICATE_METHOD_MATCH = YES;
				CODE_SIGN_IDENTITY = "iPhone Developer";
				COPY_PHASE_STRIP = NO;
				DEBUG_INFORMATION_FORMAT = "dwarf-with-dsym";
				ENABLE_NS_ASSERTIONS = NO;
				ENABLE_STRICT_OBJC_MSGSEND = YES;
				GCC_C_LANGUAGE_STANDARD = gnu11;
				GCC_NO_COMMON_BLOCKS = YES;
				GCC_WARN_64_TO_32_BIT_CONVERSION = YES;
				GCC_WARN_ABOUT_RETURN_TYPE = YES_ERROR;
				GCC_WARN_UNDECLARED_SELECTOR = YES;
				GCC_WARN_UNINITIALIZED_AUTOS = YES_AGGRESSIVE;
				GCC_WARN_UNUSED_FUNCTION = YES;
				GCC_WARN_UNUSED_VARIABLE = YES;
				IPHONEOS_DEPLOYMENT_TARGET = 11.0;
				MTL_ENABLE_DEBUG_INFO = NO;
				SDKROOT = iphoneos;
				SWIFT_OPTIMIZATION_LEVEL = "-Owholemodule";
				VALIDATE_PRODUCT = YES;
			};
			name = Release;
		};
		330F08FD1FB6590700B20801 /* Debug */ = {
			isa = XCBuildConfiguration;
			buildSettings = {
				ASSETCATALOG_COMPILER_APPICON_NAME = AppIcon;
				CODE_SIGN_STYLE = Automatic;
				INFOPLIST_FILE = ToDoListApp/Info.plist;
				LD_RUNPATH_SEARCH_PATHS = "$(inherited) @executable_path/Frameworks";
				PRODUCT_BUNDLE_IDENTIFIER = kio.ToDoListApp;
				PRODUCT_NAME = "$(TARGET_NAME)";
				SWIFT_VERSION = 4.0;
				TARGETED_DEVICE_FAMILY = "1,2";
			};
			name = Debug;
		};
		330F08FE1FB6590700B20801 /* Release */ = {
			isa = XCBuildConfiguration;
			buildSettings = {
				ASSETCATALOG_COMPILER_APPICON_NAME = AppIcon;
				CODE_SIGN_STYLE = Automatic;
				INFOPLIST_FILE = ToDoListApp/Info.plist;
				LD_RUNPATH_SEARCH_PATHS = "$(inherited) @executable_path/Frameworks";
				PRODUCT_BUNDLE_IDENTIFIER = kio.ToDoListApp;
				PRODUCT_NAME = "$(TARGET_NAME)";
				SWIFT_VERSION = 4.0;
				TARGETED_DEVICE_FAMILY = "1,2";
			};
			name = Release;
		};
		330F09001FB6590700B20801 /* Debug */ = {
			isa = XCBuildConfiguration;
			buildSettings = {
				ALWAYS_EMBED_SWIFT_STANDARD_LIBRARIES = YES;
				BUNDLE_LOADER = "$(TEST_HOST)";
				CODE_SIGN_STYLE = Automatic;
				INFOPLIST_FILE = ToDoListAppTests/Info.plist;
				LD_RUNPATH_SEARCH_PATHS = "$(inherited) @executable_path/Frameworks @loader_path/Frameworks";
				PRODUCT_BUNDLE_IDENTIFIER = kio.ToDoListAppTests;
				PRODUCT_NAME = "$(TARGET_NAME)";
				SWIFT_VERSION = 4.0;
				TARGETED_DEVICE_FAMILY = "1,2";
				TEST_HOST = "$(BUILT_PRODUCTS_DIR)/ToDoListApp.app/ToDoListApp";
			};
			name = Debug;
		};
		330F09011FB6590700B20801 /* Release */ = {
			isa = XCBuildConfiguration;
			buildSettings = {
				ALWAYS_EMBED_SWIFT_STANDARD_LIBRARIES = YES;
				BUNDLE_LOADER = "$(TEST_HOST)";
				CODE_SIGN_STYLE = Automatic;
				INFOPLIST_FILE = ToDoListAppTests/Info.plist;
				LD_RUNPATH_SEARCH_PATHS = "$(inherited) @executable_path/Frameworks @loader_path/Frameworks";
				PRODUCT_BUNDLE_IDENTIFIER = kio.ToDoListAppTests;
				PRODUCT_NAME = "$(TARGET_NAME)";
				SWIFT_VERSION = 4.0;
				TARGETED_DEVICE_FAMILY = "1,2";
				TEST_HOST = "$(BUILT_PRODUCTS_DIR)/ToDoListApp.app/ToDoListApp";
			};
			name = Release;
		};
		330F09031FB6590700B20801 /* Debug */ = {
			isa = XCBuildConfiguration;
			buildSettings = {
				ALWAYS_EMBED_SWIFT_STANDARD_LIBRARIES = YES;
				CODE_SIGN_STYLE = Automatic;
				INFOPLIST_FILE = ToDoListAppUITests/Info.plist;
				LD_RUNPATH_SEARCH_PATHS = "$(inherited) @executable_path/Frameworks @loader_path/Frameworks";
				PRODUCT_BUNDLE_IDENTIFIER = kio.ToDoListAppUITests;
				PRODUCT_NAME = "$(TARGET_NAME)";
				SWIFT_VERSION = 4.0;
				TARGETED_DEVICE_FAMILY = "1,2";
				TEST_TARGET_NAME = ToDoListApp;
			};
			name = Debug;
		};
		330F09041FB6590700B20801 /* Release */ = {
			isa = XCBuildConfiguration;
			buildSettings = {
				ALWAYS_EMBED_SWIFT_STANDARD_LIBRARIES = YES;
				CODE_SIGN_STYLE = Automatic;
				INFOPLIST_FILE = ToDoListAppUITests/Info.plist;
				LD_RUNPATH_SEARCH_PATHS = "$(inherited) @executable_path/Frameworks @loader_path/Frameworks";
				PRODUCT_BUNDLE_IDENTIFIER = kio.ToDoListAppUITests;
				PRODUCT_NAME = "$(TARGET_NAME)";
				SWIFT_VERSION = 4.0;
				TARGETED_DEVICE_FAMILY = "1,2";
				TEST_TARGET_NAME = ToDoListApp;
			};
			name = Release;
		};
/* End XCBuildConfiguration section */

/* Begin XCConfigurationList section */
		330F08CD1FB6590700B20801 /* Build configuration list for PBXProject "ToDoListApp" */ = {
			isa = XCConfigurationList;
			buildConfigurations = (
				330F08FA1FB6590700B20801 /* Debug */,
				330F08FB1FB6590700B20801 /* Release */,
			);
			defaultConfigurationIsVisible = 0;
			defaultConfigurationName = Release;
		};
		330F08FC1FB6590700B20801 /* Build configuration list for PBXNativeTarget "ToDoListApp" */ = {
			isa = XCConfigurationList;
			buildConfigurations = (
				330F08FD1FB6590700B20801 /* Debug */,
				330F08FE1FB6590700B20801 /* Release */,
			);
			defaultConfigurationIsVisible = 0;
			defaultConfigurationName = Release;
		};
		330F08FF1FB6590700B20801 /* Build configuration list for PBXNativeTarget "ToDoListAppTests" */ = {
			isa = XCConfigurationList;
			buildConfigurations = (
				330F09001FB6590700B20801 /* Debug */,
				330F09011FB6590700B20801 /* Release */,
			);
			defaultConfigurationIsVisible = 0;
			defaultConfigurationName = Release;
		};
		330F09021FB6590700B20801 /* Build configuration list for PBXNativeTarget "ToDoListAppUITests" */ = {
			isa = XCConfigurationList;
			buildConfigurations = (
				330F09031FB6590700B20801 /* Debug */,
				330F09041FB6590700B20801 /* Release */,
			);
			defaultConfigurationIsVisible = 0;
			defaultConfigurationName = Release;
		};
/* End XCConfigurationList section */
	};
	rootObject = 330F08CA1FB6590700B20801 /* Project object */;
}
